# THIS IS AN AUTOGENERATED FILE. DO NOT EDIT THIS FILE DIRECTLY.
# yarn lockfile v1


"@codama/cli@1.3.5":
  version "1.3.5"
  resolved "https://registry.yarnpkg.com/@codama/cli/-/cli-1.3.5.tgz#6bcfeefe93a496818430d7bbe4ed6dfb35e9b0ae"
  integrity sha512-UgJGaTK2TXnbRcnCgReKqcDFjU941XZTvA0qbSiFH0Njrwb0kcLkKirMKwdyDaCHry7QcybzIKbp4ErrwqExMA==
  dependencies:
    "@codama/nodes" "1.3.7"
    "@codama/visitors" "1.3.7"
    "@codama/visitors-core" "1.3.7"
    commander "^14.0.1"
    picocolors "^1.1.1"
    prompts "^2.4.2"

"@codama/errors@1.3.7", "@codama/errors@^1.3.7":
  version "1.3.7"
  resolved "https://registry.yarnpkg.com/@codama/errors/-/errors-1.3.7.tgz#2b8f80c6dc8ef945c6083f40ca18125b21b03583"
  integrity sha512-96BF8agDVc2vAgL4qw1lZZfuJ7XBefdzTBk2VOUnOhdMQiLb0QhJCC4BH88OcL+rZXQdet4pk7Qwarj1I1GFKg==
  dependencies:
    "@codama/node-types" "1.3.7"
    commander "^14.0.1"
    picocolors "^1.1.1"

"@codama/node-types@1.3.7":
  version "1.3.7"
  resolved "https://registry.yarnpkg.com/@codama/node-types/-/node-types-1.3.7.tgz#5e8b8faee34abb0187a0dc3b22144a7874e14d1d"
  integrity sha512-L9UTFfoeki5t+BYJAa4OMsqBPpbMbx8YJQar+55mYcjwGlJsKJW7mRfLYvwEFkCUYyLdNva40OVmTf88jccZCA==

"@codama/nodes-from-anchor@^1.2.9":
  version "1.2.9"
  resolved "https://registry.yarnpkg.com/@codama/nodes-from-anchor/-/nodes-from-anchor-1.2.9.tgz#1fd339f284f8020b851030fc6417b759c178b629"
  integrity sha512-n+53VumtguLeSzGWZLpJqWRqs+r8NkWb1w8Ci0AuWQ6Qwfbbk9LknUg1XkqpgZZuq2Hh/Xoy28yHBl2JeIXi3w==
  dependencies:
    "@codama/errors" "1.3.7"
    "@codama/nodes" "1.3.7"
    "@codama/visitors" "1.3.7"
    "@noble/hashes" "^1.8.0"
    "@solana/codecs" "^3.0.3"

"@codama/nodes@1.3.7", "@codama/nodes@^1.3.7":
  version "1.3.7"
  resolved "https://registry.yarnpkg.com/@codama/nodes/-/nodes-1.3.7.tgz#3ca22a93c0d5b20bfb9713bc736d82fc5308537b"
  integrity sha512-3OV6SIBcqsIDARyzZVGdfnffNlnKSYcb0aGp/9Liz5/EID0oBTIyuh/Cmj5Ww6RX4WPb+GNAxABAGW94zbcfQg==
  dependencies:
    "@codama/errors" "1.3.7"
    "@codama/node-types" "1.3.7"

"@codama/renderers-core@^1.2.2":
  version "1.2.2"
  resolved "https://registry.yarnpkg.com/@codama/renderers-core/-/renderers-core-1.2.2.tgz#be3bec25bbc4785fb697ccb9e208b6c37e672c8c"
  integrity sha512-dPyHgn5L45G+tWP17ITvOlpX3+s2FcJHMjAhFZlmUHAJpH/wl+UsUwuWg698iSb56Er2jUwqX7srw5iZf7XHjQ==
  dependencies:
    "@codama/errors" "1.3.7"
    "@codama/nodes" "1.3.7"
    "@codama/visitors-core" "1.3.7"

"@codama/renderers-js@^1.4.2":
  version "1.4.2"
  resolved "https://registry.yarnpkg.com/@codama/renderers-js/-/renderers-js-1.4.2.tgz#9ac3c2ffa938246fba824ab88758281d756da11f"
  integrity sha512-emYJEPNDQ/DjHYDBNPt/HEr+97ClpEQT7LPPNZ44DRSEG4Qj9ti/aBvtgOrIyESyyTOaKrUzu7Ew6S+TBB/eFg==
  dependencies:
    "@codama/errors" "^1.3.7"
    "@codama/nodes" "^1.3.7"
    "@codama/renderers-core" "^1.2.2"
    "@codama/visitors-core" "^1.3.7"
    "@solana/codecs-strings" "^3.0.3"
    prettier "^3.6.2"

"@codama/validators@1.3.7":
  version "1.3.7"
  resolved "https://registry.yarnpkg.com/@codama/validators/-/validators-1.3.7.tgz#7184bd08912c218a1803d9f230ec6bc027949f31"
  integrity sha512-OxuPhIPcuqSLmwDTcl9+VyEq6mwsLLqVXtQjgQgjEpr0IO/KAV9RG98Ye2yoK21jEVGDnzN9jsSQVHysRfpMMA==
  dependencies:
    "@codama/errors" "1.3.7"
    "@codama/nodes" "1.3.7"
    "@codama/visitors-core" "1.3.7"

"@codama/visitors-core@1.3.7", "@codama/visitors-core@^1.3.7":
  version "1.3.7"
  resolved "https://registry.yarnpkg.com/@codama/visitors-core/-/visitors-core-1.3.7.tgz#dcdcc821941970adf6651650cb7751c159f49ee4"
  integrity sha512-B1JnzhRDJiLxewha/F3YzeEp8Zrtd7eKiGNJFJHSPufAnIVm2lQUDaKS+OrAOHnSRmRKIAVdzfpFpdz6EM0N6Q==
  dependencies:
    "@codama/errors" "1.3.7"
    "@codama/nodes" "1.3.7"
    json-stable-stringify "^1.3.0"

"@codama/visitors@1.3.7":
  version "1.3.7"
  resolved "https://registry.yarnpkg.com/@codama/visitors/-/visitors-1.3.7.tgz#02f673153905a00624d8926c4310e4425d82b435"
  integrity sha512-pIVK84G4dquvDXmr0q9GACcwDROw7DOBz0Kk/qt837FsKYr37xc6nU2LIguXu8QVIFOHBZk1HVAb7/S0eo/dqg==
  dependencies:
    "@codama/errors" "1.3.7"
    "@codama/nodes" "1.3.7"
    "@codama/visitors-core" "1.3.7"

"@esbuild/aix-ppc64@0.25.10":
  version "0.25.10"
  resolved "https://registry.yarnpkg.com/@esbuild/aix-ppc64/-/aix-ppc64-0.25.10.tgz#ee6b7163a13528e099ecf562b972f2bcebe0aa97"
  integrity sha512-0NFWnA+7l41irNuaSVlLfgNT12caWJVLzp5eAVhZ0z1qpxbockccEt3s+149rE64VUI3Ml2zt8Nv5JVc4QXTsw==

"@esbuild/android-arm64@0.25.10":
  version "0.25.10"
  resolved "https://registry.yarnpkg.com/@esbuild/android-arm64/-/android-arm64-0.25.10.tgz#115fc76631e82dd06811bfaf2db0d4979c16e2cb"
  integrity sha512-LSQa7eDahypv/VO6WKohZGPSJDq5OVOo3UoFR1E4t4Gj1W7zEQMUhI+lo81H+DtB+kP+tDgBp+M4oNCwp6kffg==

"@esbuild/android-arm@0.25.10":
  version "0.25.10"
  resolved "https://registry.yarnpkg.com/@esbuild/android-arm/-/android-arm-0.25.10.tgz#8d5811912da77f615398611e5bbc1333fe321aa9"
  integrity sha512-dQAxF1dW1C3zpeCDc5KqIYuZ1tgAdRXNoZP7vkBIRtKZPYe2xVr/d3SkirklCHudW1B45tGiUlz2pUWDfbDD4w==

"@esbuild/android-x64@0.25.10":
  version "0.25.10"
  resolved "https://registry.yarnpkg.com/@esbuild/android-x64/-/android-x64-0.25.10.tgz#e3e96516b2d50d74105bb92594c473e30ddc16b1"
  integrity sha512-MiC9CWdPrfhibcXwr39p9ha1x0lZJ9KaVfvzA0Wxwz9ETX4v5CHfF09bx935nHlhi+MxhA63dKRRQLiVgSUtEg==

"@esbuild/darwin-arm64@0.25.10":
  version "0.25.10"
  resolved "https://registry.yarnpkg.com/@esbuild/darwin-arm64/-/darwin-arm64-0.25.10.tgz#6af6bb1d05887dac515de1b162b59dc71212ed76"
  integrity sha512-JC74bdXcQEpW9KkV326WpZZjLguSZ3DfS8wrrvPMHgQOIEIG/sPXEN/V8IssoJhbefLRcRqw6RQH2NnpdprtMA==

"@esbuild/darwin-x64@0.25.10":
  version "0.25.10"
  resolved "https://registry.yarnpkg.com/@esbuild/darwin-x64/-/darwin-x64-0.25.10.tgz#99ae82347fbd336fc2d28ffd4f05694e6e5b723d"
  integrity sha512-tguWg1olF6DGqzws97pKZ8G2L7Ig1vjDmGTwcTuYHbuU6TTjJe5FXbgs5C1BBzHbJ2bo1m3WkQDbWO2PvamRcg==

"@esbuild/freebsd-arm64@0.25.10":
  version "0.25.10"
  resolved "https://registry.yarnpkg.com/@esbuild/freebsd-arm64/-/freebsd-arm64-0.25.10.tgz#0c6d5558a6322b0bdb17f7025c19bd7d2359437d"
  integrity sha512-3ZioSQSg1HT2N05YxeJWYR+Libe3bREVSdWhEEgExWaDtyFbbXWb49QgPvFH8u03vUPX10JhJPcz7s9t9+boWg==

"@esbuild/freebsd-x64@0.25.10":
  version "0.25.10"
  resolved "https://registry.yarnpkg.com/@esbuild/freebsd-x64/-/freebsd-x64-0.25.10.tgz#8c35873fab8c0857a75300a3dcce4324ca0b9844"
  integrity sha512-LLgJfHJk014Aa4anGDbh8bmI5Lk+QidDmGzuC2D+vP7mv/GeSN+H39zOf7pN5N8p059FcOfs2bVlrRr4SK9WxA==

"@esbuild/linux-arm64@0.25.10":
  version "0.25.10"
  resolved "https://registry.yarnpkg.com/@esbuild/linux-arm64/-/linux-arm64-0.25.10.tgz#3edc2f87b889a15b4cedaf65f498c2bed7b16b90"
  integrity sha512-5luJWN6YKBsawd5f9i4+c+geYiVEw20FVW5x0v1kEMWNq8UctFjDiMATBxLvmmHA4bf7F6hTRaJgtghFr9iziQ==

"@esbuild/linux-arm@0.25.10":
  version "0.25.10"
  resolved "https://registry.yarnpkg.com/@esbuild/linux-arm/-/linux-arm-0.25.10.tgz#86501cfdfb3d110176d80c41b27ed4611471cde7"
  integrity sha512-oR31GtBTFYCqEBALI9r6WxoU/ZofZl962pouZRTEYECvNF/dtXKku8YXcJkhgK/beU+zedXfIzHijSRapJY3vg==

"@esbuild/linux-ia32@0.25.10":
  version "0.25.10"
  resolved "https://registry.yarnpkg.com/@esbuild/linux-ia32/-/linux-ia32-0.25.10.tgz#e6589877876142537c6864680cd5d26a622b9d97"
  integrity sha512-NrSCx2Kim3EnnWgS4Txn0QGt0Xipoumb6z6sUtl5bOEZIVKhzfyp/Lyw4C1DIYvzeW/5mWYPBFJU3a/8Yr75DQ==

"@esbuild/linux-loong64@0.25.10":
  version "0.25.10"
  resolved "https://registry.yarnpkg.com/@esbuild/linux-loong64/-/linux-loong64-0.25.10.tgz#11119e18781f136d8083ea10eb6be73db7532de8"
  integrity sha512-xoSphrd4AZda8+rUDDfD9J6FUMjrkTz8itpTITM4/xgerAZZcFW7Dv+sun7333IfKxGG8gAq+3NbfEMJfiY+Eg==

"@esbuild/linux-mips64el@0.25.10":
  version "0.25.10"
  resolved "https://registry.yarnpkg.com/@esbuild/linux-mips64el/-/linux-mips64el-0.25.10.tgz#3052f5436b0c0c67a25658d5fc87f045e7def9e6"
  integrity sha512-ab6eiuCwoMmYDyTnyptoKkVS3k8fy/1Uvq7Dj5czXI6DF2GqD2ToInBI0SHOp5/X1BdZ26RKc5+qjQNGRBelRA==

"@esbuild/linux-ppc64@0.25.10":
  version "0.25.10"
  resolved "https://registry.yarnpkg.com/@esbuild/linux-ppc64/-/linux-ppc64-0.25.10.tgz#2f098920ee5be2ce799f35e367b28709925a8744"
  integrity sha512-NLinzzOgZQsGpsTkEbdJTCanwA5/wozN9dSgEl12haXJBzMTpssebuXR42bthOF3z7zXFWH1AmvWunUCkBE4EA==

"@esbuild/linux-riscv64@0.25.10":
  version "0.25.10"
  resolved "https://registry.yarnpkg.com/@esbuild/linux-riscv64/-/linux-riscv64-0.25.10.tgz#fa51d7fd0a22a62b51b4b94b405a3198cf7405dd"
  integrity sha512-FE557XdZDrtX8NMIeA8LBJX3dC2M8VGXwfrQWU7LB5SLOajfJIxmSdyL/gU1m64Zs9CBKvm4UAuBp5aJ8OgnrA==

"@esbuild/linux-s390x@0.25.10":
  version "0.25.10"
  resolved "https://registry.yarnpkg.com/@esbuild/linux-s390x/-/linux-s390x-0.25.10.tgz#a27642e36fc282748fdb38954bd3ef4f85791e8a"
  integrity sha512-3BBSbgzuB9ajLoVZk0mGu+EHlBwkusRmeNYdqmznmMc9zGASFjSsxgkNsqmXugpPk00gJ0JNKh/97nxmjctdew==

"@esbuild/linux-x64@0.25.10":
  version "0.25.10"
  resolved "https://registry.yarnpkg.com/@esbuild/linux-x64/-/linux-x64-0.25.10.tgz#9d9b09c0033d17529570ced6d813f98315dfe4e9"
  integrity sha512-QSX81KhFoZGwenVyPoberggdW1nrQZSvfVDAIUXr3WqLRZGZqWk/P4T8p2SP+de2Sr5HPcvjhcJzEiulKgnxtA==

"@esbuild/netbsd-arm64@0.25.10":
  version "0.25.10"
  resolved "https://registry.yarnpkg.com/@esbuild/netbsd-arm64/-/netbsd-arm64-0.25.10.tgz#25c09a659c97e8af19e3f2afd1c9190435802151"
  integrity sha512-AKQM3gfYfSW8XRk8DdMCzaLUFB15dTrZfnX8WXQoOUpUBQ+NaAFCP1kPS/ykbbGYz7rxn0WS48/81l9hFl3u4A==

"@esbuild/netbsd-x64@0.25.10":
  version "0.25.10"
  resolved "https://registry.yarnpkg.com/@esbuild/netbsd-x64/-/netbsd-x64-0.25.10.tgz#7fa5f6ffc19be3a0f6f5fd32c90df3dc2506937a"
  integrity sha512-7RTytDPGU6fek/hWuN9qQpeGPBZFfB4zZgcz2VK2Z5VpdUxEI8JKYsg3JfO0n/Z1E/6l05n0unDCNc4HnhQGig==

"@esbuild/openbsd-arm64@0.25.10":
  version "0.25.10"
  resolved "https://registry.yarnpkg.com/@esbuild/openbsd-arm64/-/openbsd-arm64-0.25.10.tgz#8faa6aa1afca0c6d024398321d6cb1c18e72a1c3"
  integrity sha512-5Se0VM9Wtq797YFn+dLimf2Zx6McttsH2olUBsDml+lm0GOCRVebRWUvDtkY4BWYv/3NgzS8b/UM3jQNh5hYyw==

"@esbuild/openbsd-x64@0.25.10":
  version "0.25.10"
  resolved "https://registry.yarnpkg.com/@esbuild/openbsd-x64/-/openbsd-x64-0.25.10.tgz#a42979b016f29559a8453d32440d3c8cd420af5e"
  integrity sha512-XkA4frq1TLj4bEMB+2HnI0+4RnjbuGZfet2gs/LNs5Hc7D89ZQBHQ0gL2ND6Lzu1+QVkjp3x1gIcPKzRNP8bXw==

"@esbuild/openharmony-arm64@0.25.10":
  version "0.25.10"
  resolved "https://registry.yarnpkg.com/@esbuild/openharmony-arm64/-/openharmony-arm64-0.25.10.tgz#fd87bfeadd7eeb3aa384bbba907459ffa3197cb1"
  integrity sha512-AVTSBhTX8Y/Fz6OmIVBip9tJzZEUcY8WLh7I59+upa5/GPhh2/aM6bvOMQySspnCCHvFi79kMtdJS1w0DXAeag==

"@esbuild/sunos-x64@0.25.10":
  version "0.25.10"
  resolved "https://registry.yarnpkg.com/@esbuild/sunos-x64/-/sunos-x64-0.25.10.tgz#3a18f590e36cb78ae7397976b760b2b8c74407f4"
  integrity sha512-fswk3XT0Uf2pGJmOpDB7yknqhVkJQkAQOcW/ccVOtfx05LkbWOaRAtn5SaqXypeKQra1QaEa841PgrSL9ubSPQ==

"@esbuild/win32-arm64@0.25.10":
  version "0.25.10"
  resolved "https://registry.yarnpkg.com/@esbuild/win32-arm64/-/win32-arm64-0.25.10.tgz#e71741a251e3fd971408827a529d2325551f530c"
  integrity sha512-ah+9b59KDTSfpaCg6VdJoOQvKjI33nTaQr4UluQwW7aEwZQsbMCfTmfEO4VyewOxx4RaDT/xCy9ra2GPWmO7Kw==

"@esbuild/win32-ia32@0.25.10":
  version "0.25.10"
  resolved "https://registry.yarnpkg.com/@esbuild/win32-ia32/-/win32-ia32-0.25.10.tgz#c6f010b5d3b943d8901a0c87ea55f93b8b54bf94"
  integrity sha512-QHPDbKkrGO8/cz9LKVnJU22HOi4pxZnZhhA2HYHez5Pz4JeffhDjf85E57Oyco163GnzNCVkZK0b/n4Y0UHcSw==

"@esbuild/win32-x64@0.25.10":
  version "0.25.10"
  resolved "https://registry.yarnpkg.com/@esbuild/win32-x64/-/win32-x64-0.25.10.tgz#e4b3e255a1b4aea84f6e1d2ae0b73f826c3785bd"
  integrity sha512-9KpxSVFCu0iK1owoez6aC/s/EdUQLDN3adTxGCqxMVhrPDj6bt5dbrHDXUuq+Bs2vATFBBrQS5vdQ/Ed2P+nbw==

"@noble/hashes@^1.8.0":
  version "1.8.0"
  resolved "https://registry.yarnpkg.com/@noble/hashes/-/hashes-1.8.0.tgz#cee43d801fcef9644b11b8194857695acd5f815a"
  integrity sha512-jCs9ldd7NwzpgXDIf6P3+NrHh9/sD6CQdxHyjQI+h/6rDNo88ypBxxz45UDuZHz9r3tNz7N/VInSVoVdtXEI4A==

"@solana-program/system@^0.8.1":
  version "0.8.1"
  resolved "https://registry.yarnpkg.com/@solana-program/system/-/system-0.8.1.tgz#0711362899ee4a76d2dc0a8ca5176e3426b8458c"
  integrity sha512-71U9Mzdpw8HQtfgfJSL5xKZbLMRnza2Llsfk7gGnmg2waqK+o8MMH4YNma8xXS1UmOBptXIiNvoZ3p7cmOVktg==

"@solana/accounts@4.0.0":
  version "4.0.0"
  resolved "https://registry.yarnpkg.com/@solana/accounts/-/accounts-4.0.0.tgz#55b3b2a9186aceb444872adcde76786c0c40dc1e"
  integrity sha512-fxTtTk7PCJrigdzqhkc0eZYACVZpONKJZy4MkGvZzx5tCC7rUeDJvzau3IYACUCRaaAGPpkINHwYtp8weKsn8w==
  dependencies:
    "@solana/addresses" "4.0.0"
    "@solana/codecs-core" "4.0.0"
    "@solana/codecs-strings" "4.0.0"
    "@solana/errors" "4.0.0"
    "@solana/rpc-spec" "4.0.0"
    "@solana/rpc-types" "4.0.0"

"@solana/addresses@4.0.0":
  version "4.0.0"
  resolved "https://registry.yarnpkg.com/@solana/addresses/-/addresses-4.0.0.tgz#cd836e473ecdd286d5787401f16193ca5725b39e"
  integrity sha512-1OS4nU0HFZxHRxgUb6A72Qg0QbIz6Vu2AbB0j/YSxN4EI+S2BftA83Y6uXhTFDQjKuA+MtHjxe6edB3cs1Pqxw==
  dependencies:
    "@solana/assertions" "4.0.0"
    "@solana/codecs-core" "4.0.0"
    "@solana/codecs-strings" "4.0.0"
    "@solana/errors" "4.0.0"
    "@solana/nominal-types" "4.0.0"

"@solana/assertions@4.0.0":
  version "4.0.0"
  resolved "https://registry.yarnpkg.com/@solana/assertions/-/assertions-4.0.0.tgz#ec863ea412a66edb1a97ef789e694439fd4ee679"
  integrity sha512-QwtImPVM5JLEWOFpvHh+eKdvmxdNP6PW8FkmFFEVYR6VFDaZD/hbmSJlwt5p3L69sVmxJA0ughYgD/kkHM7fbg==
  dependencies:
    "@solana/errors" "4.0.0"

"@solana/codecs-core@3.0.3":
  version "3.0.3"
  resolved "https://registry.yarnpkg.com/@solana/codecs-core/-/codecs-core-3.0.3.tgz#c85130c2afdc98a1508809dfe596f970cc6094bb"
  integrity sha512-emKykJ3h1DmnDOY29Uv9eJXP8E/FHzvlUBJ6te+5EbKdFjj7vdlKYPfDxOI6iGdXTY+YC/ELtbNBh6QwF2uEDQ==
  dependencies:
    "@solana/errors" "3.0.3"

"@solana/codecs-core@4.0.0":
  version "4.0.0"
  resolved "https://registry.yarnpkg.com/@solana/codecs-core/-/codecs-core-4.0.0.tgz#0668b964df5a3e278ff276b5aa812bd739e29510"
  integrity sha512-28kNUsyIlhU3MO3/7ZLDqeJf2YAm32B4tnTjl5A9HrbBqsTZ+upT/RzxZGP1MMm7jnPuIKCMwmTpsyqyR6IUpw==
  dependencies:
    "@solana/errors" "4.0.0"

"@solana/codecs-data-structures@3.0.3":
  version "3.0.3"
  resolved "https://registry.yarnpkg.com/@solana/codecs-data-structures/-/codecs-data-structures-3.0.3.tgz#3379a7578f26539994cdc58d65b2bffb54fe3ecb"
  integrity sha512-R15cLp8riJvToXziW8lP6AMSwsztGhEnwgyGmll32Mo0Yjq+hduW2/fJrA/TJs6tA/OgTzMQjlxgk009EqZHCw==
  dependencies:
    "@solana/codecs-core" "3.0.3"
    "@solana/codecs-numbers" "3.0.3"
    "@solana/errors" "3.0.3"

"@solana/codecs-data-structures@4.0.0":
  version "4.0.0"
  resolved "https://registry.yarnpkg.com/@solana/codecs-data-structures/-/codecs-data-structures-4.0.0.tgz#8e60f68f26ae7dac5c88d4f5684c4c5ce7d6db62"
  integrity sha512-pvh+Oxz6UIbWxcgwvVwMJIV4nvZn3EHL5ZvCIPClE5Ep8K5sJ8RoRvOohqLcIv9LYn/EZNoXpCodREX/OYpsGw==
  dependencies:
    "@solana/codecs-core" "4.0.0"
    "@solana/codecs-numbers" "4.0.0"
    "@solana/errors" "4.0.0"

"@solana/codecs-numbers@3.0.3":
  version "3.0.3"
  resolved "https://registry.yarnpkg.com/@solana/codecs-numbers/-/codecs-numbers-3.0.3.tgz#d7f867e81754dbcc81d50a6073d37c1adc12634a"
  integrity sha512-pfXkH9J0glrM8qj6389GAn30+cJOxzXLR2FsPOHCUMXrqLhGjMMZAWhsQkpOQ37SGc/7EiQsT/gmyGC7gxHqJQ==
  dependencies:
    "@solana/codecs-core" "3.0.3"
    "@solana/errors" "3.0.3"

"@solana/codecs-numbers@4.0.0":
  version "4.0.0"
  resolved "https://registry.yarnpkg.com/@solana/codecs-numbers/-/codecs-numbers-4.0.0.tgz#fc5c451ff2f1ca1e3a13cf85230e768a47b9a788"
  integrity sha512-z9zpjtcwzqT9rbkKVZpkWB5/0V7+6YRKs6BccHkGJlaDx8Pe/+XOvPi2rEdXPqrPd9QWb5Xp1iBfcgaDMyiOiA==
  dependencies:
    "@solana/codecs-core" "4.0.0"
    "@solana/errors" "4.0.0"

"@solana/codecs-strings@3.0.3", "@solana/codecs-strings@^3.0.3":
  version "3.0.3"
  resolved "https://registry.yarnpkg.com/@solana/codecs-strings/-/codecs-strings-3.0.3.tgz#2abe7a46a8721c28b71670a2dd97c41b17a94ec5"
  integrity sha512-VHBXnnTVtcQ1j+7Vrz+qSYo38no+jiHRdGnhFspRXEHNJbllzwKqgBE7YN3qoIXH+MKxgJUcwO5KHmdzf8Wn2A==
  dependencies:
    "@solana/codecs-core" "3.0.3"
    "@solana/codecs-numbers" "3.0.3"
    "@solana/errors" "3.0.3"

"@solana/codecs-strings@4.0.0":
  version "4.0.0"
  resolved "https://registry.yarnpkg.com/@solana/codecs-strings/-/codecs-strings-4.0.0.tgz#b4c77d6ff6eeec868a71e5b0cb42bdb9f0c6b500"
  integrity sha512-XvyD+sQ1zyA0amfxbpoFZsucLoe+yASQtDiLUGMDg5TZ82IHE3B7n82jE8d8cTAqi0HgqQiwU13snPhvg1O0Ow==
  dependencies:
    "@solana/codecs-core" "4.0.0"
    "@solana/codecs-numbers" "4.0.0"
    "@solana/errors" "4.0.0"

"@solana/codecs@4.0.0":
  version "4.0.0"
  resolved "https://registry.yarnpkg.com/@solana/codecs/-/codecs-4.0.0.tgz#211235fd56fa60f5d96b88b14d7317bf6d88535b"
  integrity sha512-qh+Le1u9QBDPubqUrFU5BGX3Kyj7x0viO6z2SUuM0CSqYUvwE7w724LXwDA9QoEL5JkED1rB3bQg4M0bDrABpA==
  dependencies:
    "@solana/codecs-core" "4.0.0"
    "@solana/codecs-data-structures" "4.0.0"
    "@solana/codecs-numbers" "4.0.0"
    "@solana/codecs-strings" "4.0.0"
    "@solana/options" "4.0.0"

"@solana/codecs@^3.0.3":
  version "3.0.3"
  resolved "https://registry.yarnpkg.com/@solana/codecs/-/codecs-3.0.3.tgz#1d417dca4f3d0d3a51d27c822e7b23778cbc7450"
  integrity sha512-GOHwTlIQsCoJx9Ryr6cEf0FHKAQ7pY4aO4xgncAftrv0lveTQ1rPP2inQ1QT0gJllsIa8nwbfXAADs9nNJxQDA==
  dependencies:
    "@solana/codecs-core" "3.0.3"
    "@solana/codecs-data-structures" "3.0.3"
    "@solana/codecs-numbers" "3.0.3"
    "@solana/codecs-strings" "3.0.3"
    "@solana/options" "3.0.3"

"@solana/errors@3.0.3":
  version "3.0.3"
  resolved "https://registry.yarnpkg.com/@solana/errors/-/errors-3.0.3.tgz#e3d4e78dbf7a792d34ed2492d9dee471968d516b"
  integrity sha512-1l84xJlHNva6io62PcYfUamwWlc0eM95nHgCrKX0g0cLoC6D6QHYPCEbEVkR+C5UtP9JDgyQM8MFiv+Ei5tO9Q==
  dependencies:
    chalk "5.6.2"
    commander "14.0.0"

"@solana/errors@4.0.0":
  version "4.0.0"
  resolved "https://registry.yarnpkg.com/@solana/errors/-/errors-4.0.0.tgz#7fa9e8b69c4a199acab1b863b234be69772b1914"
  integrity sha512-3YEtvcMvtcnTl4HahqLt0VnaGVf7vVWOnt6/uPky5e0qV6BlxDSbGkbBzttNjxLXHognV0AQi3pjvrtfUnZmbg==
  dependencies:
    chalk "5.6.2"
    commander "14.0.1"

"@solana/fast-stable-stringify@4.0.0":
  version "4.0.0"
  resolved "https://registry.yarnpkg.com/@solana/fast-stable-stringify/-/fast-stable-stringify-4.0.0.tgz#ecba09686fdd3a6a6dd1e41be3395d2bb6dd583e"
  integrity sha512-sNJRi0RQ93vkGQ9VyFTSGm6mfKLk0FWOFpJLcqyP0BNUK1CugBaUMnxAmGqNaVSCktJagTSLqAMi9k1VSdh+Cg==

"@solana/functional@4.0.0":
  version "4.0.0"
  resolved "https://registry.yarnpkg.com/@solana/functional/-/functional-4.0.0.tgz#157febe2cb837b7272956794853ba80b5315da22"
  integrity sha512-duprxASuT0VXlHj3bLBdy9+ZpqdmCZhzCUmTsXps4UlDKr9PxSCQIQ+NK6OPhtBWOh1sNEcT1f1nY/MVqF/KHg==

"@solana/instruction-plans@4.0.0":
  version "4.0.0"
  resolved "https://registry.yarnpkg.com/@solana/instruction-plans/-/instruction-plans-4.0.0.tgz#38a4021eb99b9136204d77b84d579740cd94a979"
  integrity sha512-FcyptPR5XmKoj1EyF9xARiqy2BuF+CfrIxTU0WQn5Tix/y7whKYz5CCFtBlWbwIcGxQftmG5tAlcidgnCb7jVw==
  dependencies:
    "@solana/errors" "4.0.0"
    "@solana/instructions" "4.0.0"
    "@solana/promises" "4.0.0"
    "@solana/transaction-messages" "4.0.0"
    "@solana/transactions" "4.0.0"

"@solana/instructions@4.0.0":
  version "4.0.0"
  resolved "https://registry.yarnpkg.com/@solana/instructions/-/instructions-4.0.0.tgz#989c3ad30de9e3c52a8a7a094964b4500b1a717e"
  integrity sha512-/Lf3E+6mhe6EL7a3+9FY020yq71lVNgueplJGr221b4wP6ykwPVtoaAiNf+lIrRRYkW8DC81auhmjd2DYpND1w==
  dependencies:
    "@solana/codecs-core" "4.0.0"
    "@solana/errors" "4.0.0"

"@solana/keys@4.0.0":
  version "4.0.0"
  resolved "https://registry.yarnpkg.com/@solana/keys/-/keys-4.0.0.tgz#12c39db588115beaf13648b778bcdb1acfe09052"
  integrity sha512-aPz+LF9QK3EHjuklYBnnalcLVHUNz5s4m4DXNVGAtjJD7Q9zEu2dBUm9mRKwlLbQibNOEGa1m86HCjcboqXdjg==
  dependencies:
    "@solana/assertions" "4.0.0"
    "@solana/codecs-core" "4.0.0"
    "@solana/codecs-strings" "4.0.0"
    "@solana/errors" "4.0.0"
    "@solana/nominal-types" "4.0.0"

"@solana/kit@^4.0.0":
  version "4.0.0"
  resolved "https://registry.yarnpkg.com/@solana/kit/-/kit-4.0.0.tgz#741cf567426e88c194dfd27ef2616d261f6ff7b9"
  integrity sha512-5c4qMRL+ciWewEtNZ2gX4wf4VpscZYXbWnU2kBiyQhWiqj8zzFIh6iCHbqMX/Myx3pOHfQs/m/iQCnQHPOag9Q==
  dependencies:
    "@solana/accounts" "4.0.0"
    "@solana/addresses" "4.0.0"
    "@solana/codecs" "4.0.0"
    "@solana/errors" "4.0.0"
    "@solana/functional" "4.0.0"
    "@solana/instruction-plans" "4.0.0"
    "@solana/instructions" "4.0.0"
    "@solana/keys" "4.0.0"
    "@solana/programs" "4.0.0"
    "@solana/rpc" "4.0.0"
    "@solana/rpc-parsed-types" "4.0.0"
    "@solana/rpc-spec-types" "4.0.0"
    "@solana/rpc-subscriptions" "4.0.0"
    "@solana/rpc-types" "4.0.0"
    "@solana/signers" "4.0.0"
    "@solana/sysvars" "4.0.0"
    "@solana/transaction-confirmation" "4.0.0"
    "@solana/transaction-messages" "4.0.0"
    "@solana/transactions" "4.0.0"

"@solana/nominal-types@4.0.0":
  version "4.0.0"
  resolved "https://registry.yarnpkg.com/@solana/nominal-types/-/nominal-types-4.0.0.tgz#0ba8f10ef7c1de4b12c0781d44805d8984a17c18"
  integrity sha512-zIjHZY+5uboigbzsNhHmF3AlP/xACYxbB0Cb1VAI9i+eFShMeu/3VIrj7x1vbq9hfQKGSFHNFGFqQTivdzpbLw==

"@solana/options@3.0.3":
  version "3.0.3"
  resolved "https://registry.yarnpkg.com/@solana/options/-/options-3.0.3.tgz#c15537ac4fbef4560880166885c28274baade402"
  integrity sha512-jarsmnQ63RN0JPC5j9sgUat07NrL9PC71XU7pUItd6LOHtu4+wJMio3l5mT0DHVfkfbFLL6iI6+QmXSVhTNF3g==
  dependencies:
    "@solana/codecs-core" "3.0.3"
    "@solana/codecs-data-structures" "3.0.3"
    "@solana/codecs-numbers" "3.0.3"
    "@solana/codecs-strings" "3.0.3"
    "@solana/errors" "3.0.3"

"@solana/options@4.0.0":
  version "4.0.0"
  resolved "https://registry.yarnpkg.com/@solana/options/-/options-4.0.0.tgz#a66a7c9211d1257037551afd470b7a4380f8efcc"
  integrity sha512-QTjBh24a34At66mGfs0lVF1voug1KnA13IZkvcVPr52zFb90+xYiqYeKiICTaf3HkoeoKG+TC2Q0K64+se0+CQ==
  dependencies:
    "@solana/codecs-core" "4.0.0"
    "@solana/codecs-data-structures" "4.0.0"
    "@solana/codecs-numbers" "4.0.0"
    "@solana/codecs-strings" "4.0.0"
    "@solana/errors" "4.0.0"

"@solana/programs@4.0.0":
  version "4.0.0"
  resolved "https://registry.yarnpkg.com/@solana/programs/-/programs-4.0.0.tgz#473c3614c5079f0a9dfd73ec46a684a1c389b33d"
  integrity sha512-tJCNoKyDKfipGTsQtUO6R9EXk4l4ai+gYuD2R3NubJgMaLPBqIv3IMSCeDSvhuSCDuN2lQ1mLkQrDnE3lm0/iQ==
  dependencies:
    "@solana/addresses" "4.0.0"
    "@solana/errors" "4.0.0"

"@solana/promises@4.0.0":
  version "4.0.0"
  resolved "https://registry.yarnpkg.com/@solana/promises/-/promises-4.0.0.tgz#0ebf2dede764be71aa708479f6c4371ee58f76da"
  integrity sha512-zEh815+n2OrrQunZ6m1iuNcoZRc9YnQaTeivBSgl1SYfPaq/Qj/rRiK5DID25Njo4L44p5quu7aal3Bk/eR+tQ==

"@solana/rpc-api@4.0.0":
  version "4.0.0"
  resolved "https://registry.yarnpkg.com/@solana/rpc-api/-/rpc-api-4.0.0.tgz#872bcd276befe0d9b69b66d73e7fe43219b9779e"
  integrity sha512-nfQkTJCIW3qzUDRrhvr9MBm9jKQ+dZn4ypK35UDPrV+QB5Gc9UmPJ6prvpPtDq8WoU7wqUzswKeY3k7qtgYjEg==
  dependencies:
    "@solana/addresses" "4.0.0"
    "@solana/codecs-core" "4.0.0"
    "@solana/codecs-strings" "4.0.0"
    "@solana/errors" "4.0.0"
    "@solana/keys" "4.0.0"
    "@solana/rpc-parsed-types" "4.0.0"
    "@solana/rpc-spec" "4.0.0"
    "@solana/rpc-transformers" "4.0.0"
    "@solana/rpc-types" "4.0.0"
    "@solana/transaction-messages" "4.0.0"
    "@solana/transactions" "4.0.0"

"@solana/rpc-parsed-types@4.0.0":
  version "4.0.0"
  resolved "https://registry.yarnpkg.com/@solana/rpc-parsed-types/-/rpc-parsed-types-4.0.0.tgz#2a328092e53cce00d647f21da2a72bbae4d124f5"
  integrity sha512-aOjwJwen5D0aDXoSths+ekdBO4mu7nmM+yASqCVW2PLN6v7NZmRBzV1/PgMFjDTiymVQj25ipCUvL395s1wsKg==

"@solana/rpc-spec-types@4.0.0":
  version "4.0.0"
  resolved "https://registry.yarnpkg.com/@solana/rpc-spec-types/-/rpc-spec-types-4.0.0.tgz#8e9450b73aa5a4a187c3f59335bcfda94321f880"
  integrity sha512-rpFMIaetpubeyDXIlxV08vtmiDt7ME9527kCI61slHj6O2rbj+7fABhmlN6J4YDCcL/kfnMCxZyNna94DovHZA==

"@solana/rpc-spec@4.0.0":
  version "4.0.0"
  resolved "https://registry.yarnpkg.com/@solana/rpc-spec/-/rpc-spec-4.0.0.tgz#b4e1f48246286556978d2088980476815f37eea2"
  integrity sha512-9PFTFWjdgA/KFG4rgzbgA7gm9+aRDwsRJgI1aP7n3dGsGzYUp8vNgRQBhogWscEOETkgZNlsi/artLxgvHEHEg==
  dependencies:
    "@solana/errors" "4.0.0"
    "@solana/rpc-spec-types" "4.0.0"

"@solana/rpc-subscriptions-api@4.0.0":
  version "4.0.0"
  resolved "https://registry.yarnpkg.com/@solana/rpc-subscriptions-api/-/rpc-subscriptions-api-4.0.0.tgz#fb470cdc83afd696cec06694211340b7737ddf44"
  integrity sha512-6/MzQT9VkcD7Rh8ExoGdbERTSEubA5eI+Q0R9FRuujl/SIy2BsWaNxaBMuZS0DFmKbIHM+m1ptUFdjKAVjGQuw==
  dependencies:
    "@solana/addresses" "4.0.0"
    "@solana/keys" "4.0.0"
    "@solana/rpc-subscriptions-spec" "4.0.0"
    "@solana/rpc-transformers" "4.0.0"
    "@solana/rpc-types" "4.0.0"
    "@solana/transaction-messages" "4.0.0"
    "@solana/transactions" "4.0.0"

"@solana/rpc-subscriptions-channel-websocket@4.0.0":
  version "4.0.0"
  resolved "https://registry.yarnpkg.com/@solana/rpc-subscriptions-channel-websocket/-/rpc-subscriptions-channel-websocket-4.0.0.tgz#4abe9919b8a0f5de62b7073ba2d696cf812d8f7e"
  integrity sha512-dc4cGfkQJEdkux/CXpItffuytnSU6wktReHEBL+2xaYmF+yGMBeBLzTvkCJ9BbGGfBMf06c5y5QH8X48W5CJdg==
  dependencies:
    "@solana/errors" "4.0.0"
    "@solana/functional" "4.0.0"
    "@solana/rpc-subscriptions-spec" "4.0.0"
    "@solana/subscribable" "4.0.0"

"@solana/rpc-subscriptions-spec@4.0.0":
  version "4.0.0"
  resolved "https://registry.yarnpkg.com/@solana/rpc-subscriptions-spec/-/rpc-subscriptions-spec-4.0.0.tgz#8b5aa7814378287250071352334ef4a415a133b1"
  integrity sha512-2ROfFymoy/TjDAlEPpsmSQAr6LZwG4l/UIhkW7+/VraRu7QPAycuWfSopJnG8D7F3fksICFSeQNwwgBXTN1TWA==
  dependencies:
    "@solana/errors" "4.0.0"
    "@solana/promises" "4.0.0"
    "@solana/rpc-spec-types" "4.0.0"
    "@solana/subscribable" "4.0.0"

"@solana/rpc-subscriptions@4.0.0":
  version "4.0.0"
  resolved "https://registry.yarnpkg.com/@solana/rpc-subscriptions/-/rpc-subscriptions-4.0.0.tgz#e91dfdb6bdf1c0e9ae7a8f7d91937c543932f822"
  integrity sha512-rM+R4Xpsym0tYF3sGAEpdY+D+c6fOMk/fhCEewR+veqdubRfvI5QEhq4kHs8qdKKuRbcpGmedPC306H+PQ6Hmg==
  dependencies:
    "@solana/errors" "4.0.0"
    "@solana/fast-stable-stringify" "4.0.0"
    "@solana/functional" "4.0.0"
    "@solana/promises" "4.0.0"
    "@solana/rpc-spec-types" "4.0.0"
    "@solana/rpc-subscriptions-api" "4.0.0"
    "@solana/rpc-subscriptions-channel-websocket" "4.0.0"
    "@solana/rpc-subscriptions-spec" "4.0.0"
    "@solana/rpc-transformers" "4.0.0"
    "@solana/rpc-types" "4.0.0"
    "@solana/subscribable" "4.0.0"

"@solana/rpc-transformers@4.0.0":
  version "4.0.0"
  resolved "https://registry.yarnpkg.com/@solana/rpc-transformers/-/rpc-transformers-4.0.0.tgz#6ef729305c4a2532246fcb3bbd078bcda8bfd640"
  integrity sha512-3B3C9zpqN2O76CJV9tethtybMFdT2ViN5b2u8sObftGNFqxPmjt7XmbOmPdn7zwLyRM5S2RuZShzfcVJpBf+yQ==
  dependencies:
    "@solana/errors" "4.0.0"
    "@solana/functional" "4.0.0"
    "@solana/nominal-types" "4.0.0"
    "@solana/rpc-spec-types" "4.0.0"
    "@solana/rpc-types" "4.0.0"

"@solana/rpc-transport-http@4.0.0":
  version "4.0.0"
  resolved "https://registry.yarnpkg.com/@solana/rpc-transport-http/-/rpc-transport-http-4.0.0.tgz#047b7c5915a5cc32fdb8da57db5991dd5897ba38"
  integrity sha512-RjXcQehF3wHm8eoIala+MrdmS3mDSPRl+xwEWzmA1QmBdQl44/XTNOdPJvNkqWXrzE+bAsZGfn0gVua/oCC+zQ==
  dependencies:
    "@solana/errors" "4.0.0"
    "@solana/rpc-spec" "4.0.0"
    "@solana/rpc-spec-types" "4.0.0"
    undici-types "^7.16.0"

"@solana/rpc-types@4.0.0":
  version "4.0.0"
  resolved "https://registry.yarnpkg.com/@solana/rpc-types/-/rpc-types-4.0.0.tgz#23eaeb262faaa92ae0a151db65ee4b592dd598c9"
  integrity sha512-mY4W6DQVaLf3M8hSSzIEtaRsVgLg9zv5qdjjYvxkALw0fzjkLW55h3ctGbJ/k+dNpYm9gcKg7zatA7eBNnNmtQ==
  dependencies:
    "@solana/addresses" "4.0.0"
    "@solana/codecs-core" "4.0.0"
    "@solana/codecs-numbers" "4.0.0"
    "@solana/codecs-strings" "4.0.0"
    "@solana/errors" "4.0.0"
    "@solana/nominal-types" "4.0.0"

"@solana/rpc@4.0.0":
  version "4.0.0"
  resolved "https://registry.yarnpkg.com/@solana/rpc/-/rpc-4.0.0.tgz#e70cea2943b3dac2631f67154ad4bbc03f3d34fd"
  integrity sha512-KF91ghi7P48aeWd4eSY5Fly/ioYz9ww2loQd/YqV3eLQwo3/2HUWd6r6lpSHsLh/HUoUkm+EsYmVN8r/3mE5fg==
  dependencies:
    "@solana/errors" "4.0.0"
    "@solana/fast-stable-stringify" "4.0.0"
    "@solana/functional" "4.0.0"
    "@solana/rpc-api" "4.0.0"
    "@solana/rpc-spec" "4.0.0"
    "@solana/rpc-spec-types" "4.0.0"
    "@solana/rpc-transformers" "4.0.0"
    "@solana/rpc-transport-http" "4.0.0"
    "@solana/rpc-types" "4.0.0"

"@solana/signers@4.0.0":
  version "4.0.0"
  resolved "https://registry.yarnpkg.com/@solana/signers/-/signers-4.0.0.tgz#771e6188129394a0591f2d688c8132f8af933217"
  integrity sha512-r3ZrltruadsQXmx3fsGOSqAZ3SsgD7zq/QB8sT6IOVcg11Pgdvx48/CEv7djdy44wF4HVpqNCZLfi12EhoaSXQ==
  dependencies:
    "@solana/addresses" "4.0.0"
    "@solana/codecs-core" "4.0.0"
    "@solana/errors" "4.0.0"
    "@solana/instructions" "4.0.0"
    "@solana/keys" "4.0.0"
    "@solana/nominal-types" "4.0.0"
    "@solana/transaction-messages" "4.0.0"
    "@solana/transactions" "4.0.0"

"@solana/subscribable@4.0.0":
  version "4.0.0"
  resolved "https://registry.yarnpkg.com/@solana/subscribable/-/subscribable-4.0.0.tgz#bb1ce2d36a1051ed639b1c792ae457ec388d9c46"
  integrity sha512-lDI4HkDuGkmdnX7hSgvJsFFadkQxt0pLHIpZTxOt7/6KBDtNs63NTwJGd3d/EuA7ReXwYg5HDG0QtOm64divXQ==
  dependencies:
    "@solana/errors" "4.0.0"

"@solana/sysvars@4.0.0":
  version "4.0.0"
  resolved "https://registry.yarnpkg.com/@solana/sysvars/-/sysvars-4.0.0.tgz#25ff5a6d6a163b88f3af5bcbab6001609ff248ab"
  integrity sha512-HUu2B8P7iRYWAt1KL/5a6nNTKp73y04cSxZ9PZf2Ap1/KE0/5D8WnkEfnurUQmU3zBner95d+szNOyWMNBOoTw==
  dependencies:
    "@solana/accounts" "4.0.0"
    "@solana/codecs" "4.0.0"
    "@solana/errors" "4.0.0"
    "@solana/rpc-types" "4.0.0"

"@solana/transaction-confirmation@4.0.0":
  version "4.0.0"
  resolved "https://registry.yarnpkg.com/@solana/transaction-confirmation/-/transaction-confirmation-4.0.0.tgz#cb6256ba7fc4cf156a2d51563fc8f8ad644fc2ba"
  integrity sha512-DTBIMB5/UCOpVyL5E0xwswtxs/PGeSD1VL5+C1UCPlggpZNIOlhZoaQqFO56wrJDFASzPMx+dakda5BUuhQkBg==
  dependencies:
    "@solana/addresses" "4.0.0"
    "@solana/codecs-strings" "4.0.0"
    "@solana/errors" "4.0.0"
    "@solana/keys" "4.0.0"
    "@solana/promises" "4.0.0"
    "@solana/rpc" "4.0.0"
    "@solana/rpc-subscriptions" "4.0.0"
    "@solana/rpc-types" "4.0.0"
    "@solana/transaction-messages" "4.0.0"
    "@solana/transactions" "4.0.0"

"@solana/transaction-messages@4.0.0":
  version "4.0.0"
  resolved "https://registry.yarnpkg.com/@solana/transaction-messages/-/transaction-messages-4.0.0.tgz#ab28f345d6d0e7e8e0a63e23773c440ae2a46843"
  integrity sha512-rQo0rRyvkrROFZHUT0uL3vqeBBtxTsNKDtx8pZo6BC3TgGA7V1MoSC3rVOLwYCK6rK5NJZiYNjmneHz/7hVpwQ==
  dependencies:
    "@solana/addresses" "4.0.0"
    "@solana/codecs-core" "4.0.0"
    "@solana/codecs-data-structures" "4.0.0"
    "@solana/codecs-numbers" "4.0.0"
    "@solana/errors" "4.0.0"
    "@solana/functional" "4.0.0"
    "@solana/instructions" "4.0.0"
    "@solana/nominal-types" "4.0.0"
    "@solana/rpc-types" "4.0.0"

"@solana/transactions@4.0.0":
  version "4.0.0"
  resolved "https://registry.yarnpkg.com/@solana/transactions/-/transactions-4.0.0.tgz#d037d7c7966c7aae110b6fa33efa780a211bb013"
  integrity sha512-bmHIIVTQq+Wlqg4es91Ew4KSbOrvdfPsKg/pVha8ZR77huwvfqQMxRyYF4zMQ+Fm3QXGFKOU0RPVKKYic15jBw==
  dependencies:
    "@solana/addresses" "4.0.0"
    "@solana/codecs-core" "4.0.0"
    "@solana/codecs-data-structures" "4.0.0"
    "@solana/codecs-numbers" "4.0.0"
    "@solana/codecs-strings" "4.0.0"
    "@solana/errors" "4.0.0"
    "@solana/functional" "4.0.0"
    "@solana/instructions" "4.0.0"
    "@solana/keys" "4.0.0"
    "@solana/nominal-types" "4.0.0"
    "@solana/rpc-types" "4.0.0"
    "@solana/transaction-messages" "4.0.0"

"@types/node@^24.7.2":
  version "24.7.2"
  resolved "https://registry.yarnpkg.com/@types/node/-/node-24.7.2.tgz#5adf66b6e2ac5cab1d10a2ad3682e359cb652f4a"
  integrity sha512-/NbVmcGTP+lj5oa4yiYxxeBjRivKQ5Ns1eSZeB99ExsEQ6rX5XYU1Zy/gGxY/ilqtD4Etx9mKyrPxZRetiahhA==
  dependencies:
    undici-types "~7.14.0"

"@types/prompt-sync@^4.2.3":
  version "4.2.3"
  resolved "https://registry.yarnpkg.com/@types/prompt-sync/-/prompt-sync-4.2.3.tgz#b6a9fe88fc4b4cacb8ab59f87f2614d6e674e177"
  integrity sha512-Ox77gCSx0YyeakGt/qfOZUSFNSSi+sh3ABoGOiCwiO2KODx492BJnUm9oIXS+AHJtqp12iM4RduY6viTJ9bYwA==

ansi-regex@^4.1.0:
  version "4.1.1"
  resolved "https://registry.yarnpkg.com/ansi-regex/-/ansi-regex-4.1.1.tgz#164daac87ab2d6f6db3a29875e2d1766582dabed"
  integrity sha512-ILlv4k/3f6vfQ4OoP2AGvirOktlQ98ZEL1k9FaQjxa3L1abBgbuTDAdPOpvbGncC0BTVQrl+OM8xZGK6tWXt7g==

base-x@^5.0.0:
  version "5.0.1"
  resolved "https://registry.yarnpkg.com/base-x/-/base-x-5.0.1.tgz#16bf35254be1df8aca15e36b7c1dda74b2aa6b03"
  integrity sha512-M7uio8Zt++eg3jPj+rHMfCC+IuygQHHCOU+IYsVtik6FWjuYpVt/+MRKcgsAMHh8mMFAwnB+Bs+mTrFiXjMzKg==

bs58@^6.0.0:
  version "6.0.0"
  resolved "https://registry.yarnpkg.com/bs58/-/bs58-6.0.0.tgz#a2cda0130558535dd281a2f8697df79caaf425d8"
  integrity sha512-PD0wEnEYg6ijszw/u8s+iI3H17cTymlrwkKhDhPZq+Sokl3AU4htyBFTjAeNAlCCmg0f53g6ih3jATyCKftTfw==
  dependencies:
    base-x "^5.0.0"

call-bind-apply-helpers@^1.0.0, call-bind-apply-helpers@^1.0.1, call-bind-apply-helpers@^1.0.2:
  version "1.0.2"
  resolved "https://registry.yarnpkg.com/call-bind-apply-helpers/-/call-bind-apply-helpers-1.0.2.tgz#4b5428c222be985d79c3d82657479dbe0b59b2d6"
  integrity sha512-Sp1ablJ0ivDkSzjcaJdxEunN5/XvksFJ2sMBFfq6x0ryhQV/2b/KwFe21cMpmHtPOSij8K99/wSfoEuTObmuMQ==
  dependencies:
    es-errors "^1.3.0"
    function-bind "^1.1.2"

call-bind@^1.0.8:
  version "1.0.8"
  resolved "https://registry.yarnpkg.com/call-bind/-/call-bind-1.0.8.tgz#0736a9660f537e3388826f440d5ec45f744eaa4c"
  integrity sha512-oKlSFMcMwpUg2ednkhQ454wfWiU/ul3CkJe/PEHcTKuiX6RpbehUiFMXu13HalGZxfUwCQzZG747YXBn1im9ww==
  dependencies:
    call-bind-apply-helpers "^1.0.0"
    es-define-property "^1.0.0"
    get-intrinsic "^1.2.4"
    set-function-length "^1.2.2"

call-bound@^1.0.4:
  version "1.0.4"
  resolved "https://registry.yarnpkg.com/call-bound/-/call-bound-1.0.4.tgz#238de935d2a2a692928c538c7ccfa91067fd062a"
  integrity sha512-+ys997U96po4Kx/ABpBCqhA9EuxJaQWDQg7295H4hBphv3IZg0boBKuwYpt4YXp6MZ5AmZQnU/tyMTlRpaSejg==
  dependencies:
    call-bind-apply-helpers "^1.0.2"
    get-intrinsic "^1.3.0"

chalk@5.6.2:
  version "5.6.2"
  resolved "https://registry.yarnpkg.com/chalk/-/chalk-5.6.2.tgz#b1238b6e23ea337af71c7f8a295db5af0c158aea"
  integrity sha512-7NzBL0rN6fMUW+f7A6Io4h40qQlG+xGmtMxfbnH/K7TAtt8JQWVQK+6g0UXKMeVJoyV5EkkNsErQ8pVD3bLHbA==

codama@^1.3.7:
  version "1.3.7"
  resolved "https://registry.yarnpkg.com/codama/-/codama-1.3.7.tgz#72ca630246c04fb8d73f4fca48c119aade473431"
  integrity sha512-+pUJrvSG3bO4QvfcWfc14p3sklzHRB/lV4gjnXPhyb7T6nCFwYpNWv6/bFuqQyUSgSNI1n3tst/I9EhoPXOjbw==
  dependencies:
    "@codama/cli" "1.3.5"
    "@codama/errors" "1.3.7"
    "@codama/nodes" "1.3.7"
    "@codama/validators" "1.3.7"
    "@codama/visitors" "1.3.7"

commander@14.0.0:
  version "14.0.0"
  resolved "https://registry.yarnpkg.com/commander/-/commander-14.0.0.tgz#f244fc74a92343514e56229f16ef5c5e22ced5e9"
  integrity sha512-2uM9rYjPvyq39NwLRqaiLtWHyDC1FvryJDa2ATTVims5YAS4PupsEQsDvP14FqhFr0P49CYDugi59xaxJlTXRA==

commander@14.0.1, commander@^14.0.1:
  version "14.0.1"
  resolved "https://registry.yarnpkg.com/commander/-/commander-14.0.1.tgz#2f9225c19e6ebd0dc4404dd45821b2caa17ea09b"
  integrity sha512-2JkV3gUZUVrbNA+1sjBOYLsMZ5cEEl8GTFP2a4AVz5hvasAMCQ1D2l2le/cX+pV4N6ZU17zjUahLpIXRrnWL8A==

define-data-property@^1.1.4:
  version "1.1.4"
  resolved "https://registry.yarnpkg.com/define-data-property/-/define-data-property-1.1.4.tgz#894dc141bb7d3060ae4366f6a0107e68fbe48c5e"
  integrity sha512-rBMvIzlpA8v6E+SJZoo++HAYqsLrkg7MSfIinMPFhmkorw7X+dOXVJQs+QT69zGkzMyfDnIMN2Wid1+NbL3T+A==
  dependencies:
    es-define-property "^1.0.0"
    es-errors "^1.3.0"
    gopd "^1.0.1"

dunder-proto@^1.0.1:
  version "1.0.1"
  resolved "https://registry.yarnpkg.com/dunder-proto/-/dunder-proto-1.0.1.tgz#d7ae667e1dc83482f8b70fd0f6eefc50da30f58a"
  integrity sha512-KIN/nDJBQRcXw0MLVhZE9iQHmG68qAVIBg9CqmUYjmQIhgij9U5MFvrqkUL5FbtyyzZuOeOt0zdeRe4UY7ct+A==
  dependencies:
    call-bind-apply-helpers "^1.0.1"
    es-errors "^1.3.0"
    gopd "^1.2.0"

es-define-property@^1.0.0, es-define-property@^1.0.1:
  version "1.0.1"
  resolved "https://registry.yarnpkg.com/es-define-property/-/es-define-property-1.0.1.tgz#983eb2f9a6724e9303f61addf011c72e09e0b0fa"
  integrity sha512-e3nRfgfUZ4rNGL232gUgX06QNyyez04KdjFrF+LTRoOXmrOgFKDg4BCdsjW8EnT69eqdYGmRpJwiPVYNrCaW3g==

es-errors@^1.3.0:
  version "1.3.0"
  resolved "https://registry.yarnpkg.com/es-errors/-/es-errors-1.3.0.tgz#05f75a25dab98e4fb1dcd5e1472c0546d5057c8f"
  integrity sha512-Zf5H2Kxt2xjTvbJvP2ZWLEICxA6j+hAmMzIlypy4xcBg1vKVnx89Wy0GbS+kf5cwCVFFzdCFh2XSCFNULS6csw==

es-object-atoms@^1.0.0, es-object-atoms@^1.1.1:
  version "1.1.1"
  resolved "https://registry.yarnpkg.com/es-object-atoms/-/es-object-atoms-1.1.1.tgz#1c4f2c4837327597ce69d2ca190a7fdd172338c1"
  integrity sha512-FGgH2h8zKNim9ljj7dankFPcICIK9Cp5bm+c2gQSYePhpaG5+esrLODihIorn+Pe6FGJzWhXQotPv73jTaldXA==
  dependencies:
    es-errors "^1.3.0"

esbuild@~0.25.0:
  version "0.25.10"
  resolved "https://registry.yarnpkg.com/esbuild/-/esbuild-0.25.10.tgz#37f5aa5cd14500f141be121c01b096ca83ac34a9"
  integrity sha512-9RiGKvCwaqxO2owP61uQ4BgNborAQskMR6QusfWzQqv7AZOg5oGehdY2pRJMTKuwxd1IDBP4rSbI5lHzU7SMsQ==
  optionalDependencies:
    "@esbuild/aix-ppc64" "0.25.10"
    "@esbuild/android-arm" "0.25.10"
    "@esbuild/android-arm64" "0.25.10"
    "@esbuild/android-x64" "0.25.10"
    "@esbuild/darwin-arm64" "0.25.10"
    "@esbuild/darwin-x64" "0.25.10"
    "@esbuild/freebsd-arm64" "0.25.10"
    "@esbuild/freebsd-x64" "0.25.10"
    "@esbuild/linux-arm" "0.25.10"
    "@esbuild/linux-arm64" "0.25.10"
    "@esbuild/linux-ia32" "0.25.10"
    "@esbuild/linux-loong64" "0.25.10"
    "@esbuild/linux-mips64el" "0.25.10"
    "@esbuild/linux-ppc64" "0.25.10"
    "@esbuild/linux-riscv64" "0.25.10"
    "@esbuild/linux-s390x" "0.25.10"
    "@esbuild/linux-x64" "0.25.10"
    "@esbuild/netbsd-arm64" "0.25.10"
    "@esbuild/netbsd-x64" "0.25.10"
    "@esbuild/openbsd-arm64" "0.25.10"
    "@esbuild/openbsd-x64" "0.25.10"
    "@esbuild/openharmony-arm64" "0.25.10"
    "@esbuild/sunos-x64" "0.25.10"
    "@esbuild/win32-arm64" "0.25.10"
    "@esbuild/win32-ia32" "0.25.10"
    "@esbuild/win32-x64" "0.25.10"

fsevents@~2.3.3:
  version "2.3.3"
  resolved "https://registry.yarnpkg.com/fsevents/-/fsevents-2.3.3.tgz#cac6407785d03675a2a5e1a5305c697b347d90d6"
  integrity sha512-5xoDfX+fL7faATnagmWPpbFtwh/R77WmMMqqHGS65C3vvB0YHrgF+B1YmZ3441tMj5n63k0212XNoJwzlhffQw==

function-bind@^1.1.2:
  version "1.1.2"
  resolved "https://registry.yarnpkg.com/function-bind/-/function-bind-1.1.2.tgz#2c02d864d97f3ea6c8830c464cbd11ab6eab7a1c"
  integrity sha512-7XHNxH7qX9xG5mIwxkhumTox/MIRNcOgDrxWsMt2pAr23WHp6MrRlN7FBSFpCpr+oVO0F744iUgR82nJMfG2SA==

get-intrinsic@^1.2.4, get-intrinsic@^1.3.0:
  version "1.3.0"
  resolved "https://registry.yarnpkg.com/get-intrinsic/-/get-intrinsic-1.3.0.tgz#743f0e3b6964a93a5491ed1bffaae054d7f98d01"
  integrity sha512-9fSjSaos/fRIVIp+xSJlE6lfwhES7LNtKaCBIamHsjr2na1BiABJPo0mOjjz8GJDURarmCPGqaiVg5mfjb98CQ==
  dependencies:
    call-bind-apply-helpers "^1.0.2"
    es-define-property "^1.0.1"
    es-errors "^1.3.0"
    es-object-atoms "^1.1.1"
    function-bind "^1.1.2"
    get-proto "^1.0.1"
    gopd "^1.2.0"
    has-symbols "^1.1.0"
    hasown "^2.0.2"
    math-intrinsics "^1.1.0"

get-proto@^1.0.1:
  version "1.0.1"
  resolved "https://registry.yarnpkg.com/get-proto/-/get-proto-1.0.1.tgz#150b3f2743869ef3e851ec0c49d15b1d14d00ee1"
  integrity sha512-sTSfBjoXBp89JvIKIefqw7U2CCebsc74kiY6awiGogKtoSGbgjYE/G/+l9sF3MWFPNc9IcoOC4ODfKHfxFmp0g==
  dependencies:
    dunder-proto "^1.0.1"
    es-object-atoms "^1.0.0"

get-tsconfig@^4.7.5:
  version "4.12.0"
  resolved "https://registry.yarnpkg.com/get-tsconfig/-/get-tsconfig-4.12.0.tgz#cfb3a4446a2abd324a205469e8bda4e7e44cbd35"
  integrity sha512-LScr2aNr2FbjAjZh2C6X6BxRx1/x+aTDExct/xyq2XKbYOiG5c0aK7pMsSuyc0brz3ibr/lbQiHD9jzt4lccJw==
  dependencies:
    resolve-pkg-maps "^1.0.0"

gopd@^1.0.1, gopd@^1.2.0:
  version "1.2.0"
  resolved "https://registry.yarnpkg.com/gopd/-/gopd-1.2.0.tgz#89f56b8217bdbc8802bd299df6d7f1081d7e51a1"
  integrity sha512-ZUKRh6/kUFoAiTAtTYPZJ3hw9wNxx+BIBOijnlG9PnrJsCcSjs1wyyD6vJpaYtgnzDrKYRSqf3OO6Rfa93xsRg==

has-property-descriptors@^1.0.2:
  version "1.0.2"
  resolved "https://registry.yarnpkg.com/has-property-descriptors/-/has-property-descriptors-1.0.2.tgz#963ed7d071dc7bf5f084c5bfbe0d1b6222586854"
  integrity sha512-55JNKuIW+vq4Ke1BjOTjM2YctQIvCT7GFzHwmfZPGo5wnrgkid0YQtnAleFSqumZm4az3n2BS+erby5ipJdgrg==
  dependencies:
    es-define-property "^1.0.0"

has-symbols@^1.1.0:
  version "1.1.0"
  resolved "https://registry.yarnpkg.com/has-symbols/-/has-symbols-1.1.0.tgz#fc9c6a783a084951d0b971fe1018de813707a338"
  integrity sha512-1cDNdwJ2Jaohmb3sg4OmKaMBwuC48sYni5HUw2DvsC8LjGTLK9h+eb1X6RyuOHe4hT0ULCW68iomhjUoKUqlPQ==

hasown@^2.0.2:
  version "2.0.2"
  resolved "https://registry.yarnpkg.com/hasown/-/hasown-2.0.2.tgz#003eaf91be7adc372e84ec59dc37252cedb80003"
  integrity sha512-0hJU9SCPvmMzIBdZFqNPXWa6dqh7WdH0cII9y+CyS8rG3nL48Bclra9HmKhVVUHyPWNH5Y7xDwAB7bfgSjkUMQ==
  dependencies:
    function-bind "^1.1.2"

isarray@^2.0.5:
  version "2.0.5"
  resolved "https://registry.yarnpkg.com/isarray/-/isarray-2.0.5.tgz#8af1e4c1221244cc62459faf38940d4e644a5723"
  integrity sha512-xHjhDr3cNBK0BzdUJSPXZntQUx/mwMS5Rw4A7lPJ90XGAO6ISP/ePDNuo0vhqOZU+UD5JoodwCAAoZQd3FeAKw==

json-stable-stringify@^1.3.0:
  version "1.3.0"
  resolved "https://registry.yarnpkg.com/json-stable-stringify/-/json-stable-stringify-1.3.0.tgz#8903cfac42ea1a0f97f35d63a4ce0518f0cc6a70"
  integrity sha512-qtYiSSFlwot9XHtF9bD9c7rwKjr+RecWT//ZnPvSmEjpV5mmPOCN4j8UjY5hbjNkOwZ/jQv3J6R1/pL7RwgMsg==
  dependencies:
    call-bind "^1.0.8"
    call-bound "^1.0.4"
    isarray "^2.0.5"
    jsonify "^0.0.1"
    object-keys "^1.1.1"

jsonify@^0.0.1:
  version "0.0.1"
  resolved "https://registry.yarnpkg.com/jsonify/-/jsonify-0.0.1.tgz#2aa3111dae3d34a0f151c63f3a45d995d9420978"
  integrity sha512-2/Ki0GcmuqSrgFyelQq9M05y7PS0mEwuIzrf3f1fPqkVDVRvZrPZtVSMHxdgo8Aq0sxAOb/cr2aqqA3LeWHVPg==

kleur@^3.0.3:
  version "3.0.3"
  resolved "https://registry.yarnpkg.com/kleur/-/kleur-3.0.3.tgz#a79c9ecc86ee1ce3fa6206d1216c501f147fc07e"
  integrity sha512-eTIzlVOSUR+JxdDFepEYcBMtZ9Qqdef+rnzWdRZuMbOywu5tO2w2N7rqjoANZ5k9vywhL6Br1VRjUIgTQx4E8w==

math-intrinsics@^1.1.0:
  version "1.1.0"
  resolved "https://registry.yarnpkg.com/math-intrinsics/-/math-intrinsics-1.1.0.tgz#a0dd74be81e2aa5c2f27e65ce283605ee4e2b7f9"
  integrity sha512-/IXtbwEk5HTPyEwyKX6hGkYXxM9nbj64B+ilVJnC/R6B0pH5G4V3b0pVbL7DBj4tkhBAppbQUlf6F6Xl9LHu1g==

object-keys@^1.1.1:
  version "1.1.1"
  resolved "https://registry.yarnpkg.com/object-keys/-/object-keys-1.1.1.tgz#1c47f272df277f3b1daf061677d9c82e2322c60e"
  integrity sha512-NuAESUOUMrlIXOfHKzD6bpPu3tYt3xvjNdRIQ+FeT0lNb4K8WR70CaDxhuNguS2XG+GjkyMwOzsN5ZktImfhLA==

picocolors@^1.1.1:
  version "1.1.1"
  resolved "https://registry.yarnpkg.com/picocolors/-/picocolors-1.1.1.tgz#3d321af3eab939b083c8f929a1d12cda81c26b6b"
  integrity sha512-xceH2snhtb5M9liqDsmEw56le376mTZkEX/jEb/RxNFyegNul7eNslCXP9FDj/Lcu0X8KEyMceP2ntpaHrDEVA==

prettier@^3.6.2:
  version "3.6.2"
  resolved "https://registry.yarnpkg.com/prettier/-/prettier-3.6.2.tgz#ccda02a1003ebbb2bfda6f83a074978f608b9393"
  integrity sha512-I7AIg5boAr5R0FFtJ6rCfD+LFsWHp81dolrFD8S79U9tb8Az2nGrJncnMSnys+bpQJfRUzqs9hnA81OAA3hCuQ==

prompt-sync@^4.2.0:
  version "4.2.0"
  resolved "https://registry.yarnpkg.com/prompt-sync/-/prompt-sync-4.2.0.tgz#0198f73c5b70e3b03e4b9033a50540a7c9a1d7f4"
  integrity sha512-BuEzzc5zptP5LsgV5MZETjDaKSWfchl5U9Luiu8SKp7iZWD5tZalOxvNcZRwv+d2phNFr8xlbxmFNcRKfJOzJw==
  dependencies:
    strip-ansi "^5.0.0"

prompts@^2.4.2:
  version "2.4.2"
  resolved "https://registry.yarnpkg.com/prompts/-/prompts-2.4.2.tgz#7b57e73b3a48029ad10ebd44f74b01722a4cb069"
  integrity sha512-NxNv/kLguCA7p3jE8oL2aEBsrJWgAakBpgmgK6lpPWV+WuOmY6r2/zbAVnP+T8bQlA0nzHXSJSJW0Hq7ylaD2Q==
  dependencies:
    kleur "^3.0.3"
    sisteransi "^1.0.5"

resolve-pkg-maps@^1.0.0:
  version "1.0.0"
  resolved "https://registry.yarnpkg.com/resolve-pkg-maps/-/resolve-pkg-maps-1.0.0.tgz#616b3dc2c57056b5588c31cdf4b3d64db133720f"
  integrity sha512-seS2Tj26TBVOC2NIc2rOe2y2ZO7efxITtLZcGSOnHHNOQ7CkiUBfw0Iw2ck6xkIhPwLhKNLS8BO+hEpngQlqzw==

set-function-length@^1.2.2:
  version "1.2.2"
  resolved "https://registry.yarnpkg.com/set-function-length/-/set-function-length-1.2.2.tgz#aac72314198eaed975cf77b2c3b6b880695e5449"
  integrity sha512-pgRc4hJ4/sNjWCSS9AmnS40x3bNMDTknHgL5UaMBTMyJnU90EgWh1Rz+MC9eFu4BuN/UwZjKQuY/1v3rM7HMfg==
  dependencies:
    define-data-property "^1.1.4"
    es-errors "^1.3.0"
    function-bind "^1.1.2"
    get-intrinsic "^1.2.4"
    gopd "^1.0.1"
    has-property-descriptors "^1.0.2"

sisteransi@^1.0.5:
  version "1.0.5"
  resolved "https://registry.yarnpkg.com/sisteransi/-/sisteransi-1.0.5.tgz#134d681297756437cc05ca01370d3a7a571075ed"
  integrity sha512-bLGGlR1QxBcynn2d5YmDX4MGjlZvy2MRBDRNHLJ8VI6l6+9FUiyTFNJ0IveOSP0bcXgVDPRcfGqA0pjaqUpfVg==

strip-ansi@^5.0.0:
  version "5.2.0"
  resolved "https://registry.yarnpkg.com/strip-ansi/-/strip-ansi-5.2.0.tgz#8c9a536feb6afc962bdfa5b104a5091c1ad9c0ae"
  integrity sha512-DuRs1gKbBqsMKIZlrffwlug8MHkcnpjs5VPmL1PAh+mA30U0DTotfDZ0d2UUsXpPmPmMMJ6W773MaA3J+lbiWA==
  dependencies:
    ansi-regex "^4.1.0"

tsx@^4.20.6:
  version "4.20.6"
  resolved "https://registry.yarnpkg.com/tsx/-/tsx-4.20.6.tgz#8fb803fd9c1f70e8ccc93b5d7c5e03c3979ccb2e"
  integrity sha512-ytQKuwgmrrkDTFP4LjR0ToE2nqgy886GpvRSpU0JAnrdBYppuY5rLkRUYPU1yCryb24SsKBTL/hlDQAEFVwtZg==
  dependencies:
    esbuild "~0.25.0"
    get-tsconfig "^4.7.5"
  optionalDependencies:
    fsevents "~2.3.3"

typescript@^5.9.3:
  version "5.9.3"
  resolved "https://registry.yarnpkg.com/typescript/-/typescript-5.9.3.tgz#5b4f59e15310ab17a216f5d6cf53ee476ede670f"
  integrity sha512-jl1vZzPDinLr9eUt3J/t7V6FgNEw9QjvBPdysz9KfQDD41fQrC2Y4vKQdiaUpFT4bXlb1RHhLpp8wtm6M5TgSw==

undici-types@^7.16.0:
  version "7.16.0"
  resolved "https://registry.yarnpkg.com/undici-types/-/undici-types-7.16.0.tgz#ffccdff36aea4884cbfce9a750a0580224f58a46"
  integrity sha512-Zz+aZWSj8LE6zoxD+xrjh4VfkIG8Ya6LvYkZqtUQGJPZjYl53ypCaUwWqo7eI0x66KBGeRo+mlBEkMSeSZ38Nw==

undici-types@~7.14.0:
  version "7.14.0"
  resolved "https://registry.yarnpkg.com/undici-types/-/undici-types-7.14.0.tgz#4c037b32ca4d7d62fae042174604341588bc0840"
  integrity sha512-QQiYxHuyZ9gQUIrmPo3IA+hUl4KYk8uSA7cHrcKd/l3p1OTpZcM0Tbp9x7FAtXdAYhlasd60ncPpgu6ihG6TOA==

ws@^8.18.3:
  version "8.18.3"
  resolved "https://registry.yarnpkg.com/ws/-/ws-8.18.3.tgz#b56b88abffde62791c639170400c93dcb0c95472"
  integrity sha512-PEIGCY5tSlUt50cqyMXfCzX+oOPqN0vuGqWzbcJ2xvnkzkq46oOpz7dQaTDBdfICb4N14+GARUDw2XV2N4tvzg==
